
Microsoft Visual Studio Solution File, Format Version 12.00
Project("{FAE04EC0-301F-11D3-BF4B-00C04F79EFBC}") = "Entity", "Entity\Entity.csproj", "{34601D4A-A47D-478B-A036-14F4382627AC}"
EndProject
Project("{FAE04EC0-301F-11D3-BF4B-00C04F79EFBC}") = "Animals", "Animals\Animals.csproj", "{AF60E8BA-D119-4F2E-AE1B-4A4C4E336046}"
EndProject
Global
	GlobalSection(SolutionConfigurationPlatforms) = preSolution
		Debug|Any CPU = Debug|Any CPU
		Release|Any CPU = Release|Any CPU
	EndGlobalSection
	GlobalSection(ProjectConfigurationPlatforms) = postSolution
		{34601D4A-A47D-478B-A036-14F4382627AC}.Debug|Any CPU.ActiveCfg = Debug|Any CPU
		{34601D4A-A47D-478B-A036-14F4382627AC}.Debug|Any CPU.Build.0 = Debug|Any CPU
		{34601D4A-A47D-478B-A036-14F4382627AC}.Release|Any CPU.ActiveCfg = Release|Any CPU
		{34601D4A-A47D-478B-A036-14F4382627AC}.Release|Any CPU.Build.0 = Release|Any CPU
		{AF60E8BA-D119-4F2E-AE1B-4A4C4E336046}.Debug|Any CPU.ActiveCfg = Debug|Any CPU
		{AF60E8BA-D119-4F2E-AE1B-4A4C4E336046}.Debug|Any CPU.Build.0 = Debug|Any CPU
		{AF60E8BA-D119-4F2E-AE1B-4A4C4E336046}.Release|Any CPU.ActiveCfg = Release|Any CPU
		{AF60E8BA-D119-4F2E-AE1B-4A4C4E336046}.Release|Any CPU.Build.0 = Release|Any CPU
	EndGlobalSection
EndGlobal
